
Microsoft Visual Studio Solution File, Format Version 12.00
# Visual Studio Version 17
VisualStudioVersion = 17.8.34330.188
MinimumVisualStudioVersion = 10.0.40219.1
Project("{FAE04EC0-301F-11D3-BF4B-00C04F79EFBC}") = "Generics", "Generics\Generics.csproj", "{72BE94C2-B03F-4C42-81C0-181A82FC058D}"
EndProject
Global
	GlobalSection(SolutionConfigurationPlatforms) = preSolution
		Debug|Any CPU = Debug|Any CPU
		Release|Any CPU = Release|Any CPU
	EndGlobalSection
	GlobalSection(ProjectConfigurationPlatforms) = postSolution
		{72BE94C2-B03F-4C42-81C0-181A82FC058D}.Debug|Any CPU.ActiveCfg = Debug|Any CPU
		{72BE94C2-B03F-4C42-81C0-181A82FC058D}.Debug|Any CPU.Build.0 = Debug|Any CPU
		{72BE94C2-B03F-4C42-81C0-181A82FC058D}.Release|Any CPU.ActiveCfg = Release|Any CPU
		{72BE94C2-B03F-4C42-81C0-181A82FC058D}.Release|Any CPU.Build.0 = Release|Any CPU
	EndGlobalSection
	GlobalSection(SolutionProperties) = preSolution
		HideSolutionNode = FALSE
	EndGlobalSection
	GlobalSection(ExtensibilityGlobals) = postSolution
		SolutionGuid = {19F1ED7F-2A51-4C82-BEC4-E4C1A8309C0C}
	EndGlobalSection
EndGlobal
